
Microsoft Visual Studio Solution File, Format Version 12.00
# Visual Studio Version 16
VisualStudioVersion = 16.0.32228.343
MinimumVisualStudioVersion = 10.0.40219.1
Project("{9A19103F-16F7-4668-BE54-9A1E7A4F7556}") = "RazorPages_Task", "RazorPages_Task\RazorPages_Task.csproj", "{7C675038-D8F0-4800-AD3C-B849F4A5AA32}"
EndProject
Global
	GlobalSection(SolutionConfigurationPlatforms) = preSolution
		Debug|Any CPU = Debug|Any CPU
		Release|Any CPU = Release|Any CPU
	EndGlobalSection
	GlobalSection(ProjectConfigurationPlatforms) = postSolution
		{7C675038-D8F0-4800-AD3C-B849F4A5AA32}.Debug|Any CPU.ActiveCfg = Debug|Any CPU
		{7C675038-D8F0-4800-AD3C-B849F4A5AA32}.Debug|Any CPU.Build.0 = Debug|Any CPU
		{7C675038-D8F0-4800-AD3C-B849F4A5AA32}.Release|Any CPU.ActiveCfg = Release|Any CPU
		{7C675038-D8F0-4800-AD3C-B849F4A5AA32}.Release|Any CPU.Build.0 = Release|Any CPU
	EndGlobalSection
	GlobalSection(SolutionProperties) = preSolution
		HideSolutionNode = FALSE
	EndGlobalSection
	GlobalSection(ExtensibilityGlobals) = postSolution
		SolutionGuid = {BED2BF7B-E85B-461C-AF16-C8FC4A2F1840}
	EndGlobalSection
EndGlobal
